// !$*UTF8*$!
{
	archiveVersion = 1;
	classes = {
	};
	objectVersion = 77;
	objects = {

/* Begin PBXBuildFile section */
		0537797F2DC35BB60096D6E6 /* FirebaseAnalytics in Frameworks */ = {isa = PBXBuildFile; productRef = 0537797E2DC35BB60096D6E6 /* FirebaseAnalytics */; };
		053779812DC35BB60096D6E6 /* FirebaseAnalyticsOnDeviceConversion in Frameworks */ = {isa = PBXBuildFile; productRef = 053779802DC35BB60096D6E6 /* FirebaseAnalyticsOnDeviceConversion */; };
		053779832DC35BB60096D6E6 /* FirebaseAnalyticsWithoutAdIdSupport in Frameworks */ = {isa = PBXBuildFile; productRef = 053779822DC35BB60096D6E6 /* FirebaseAnalyticsWithoutAdIdSupport */; };
		053779852DC35BB60096D6E6 /* FirebaseAppCheck in Frameworks */ = {isa = PBXBuildFile; productRef = 053779842DC35BB60096D6E6 /* FirebaseAppCheck */; };
		053779872DC35BB60096D6E6 /* FirebaseAppDistribution-Beta in Frameworks */ = {isa = PBXBuildFile; productRef = 053779862DC35BB60096D6E6 /* FirebaseAppDistribution-Beta */; };
		053779892DC35BB60096D6E6 /* FirebaseAuth in Frameworks */ = {isa = PBXBuildFile; productRef = 053779882DC35BB60096D6E6 /* FirebaseAuth */; };
		0537798B2DC35BB60096D6E6 /* FirebaseAuthCombine-Community in Frameworks */ = {isa = PBXBuildFile; productRef = 0537798A2DC35BB60096D6E6 /* FirebaseAuthCombine-Community */; };
		0537798D2DC35BB60096D6E6 /* FirebaseCore in Frameworks */ = {isa = PBXBuildFile; productRef = 0537798C2DC35BB60096D6E6 /* FirebaseCore */; };
		0537798F2DC35BB60096D6E6 /* FirebaseCrashlytics in Frameworks */ = {isa = PBXBuildFile; productRef = 0537798E2DC35BB60096D6E6 /* FirebaseCrashlytics */; };
		053779912DC35BB60096D6E6 /* FirebaseDatabase in Frameworks */ = {isa = PBXBuildFile; productRef = 053779902DC35BB60096D6E6 /* FirebaseDatabase */; };
		053779932DC35BB60096D6E6 /* FirebaseFirestore in Frameworks */ = {isa = PBXBuildFile; productRef = 053779922DC35BB60096D6E6 /* FirebaseFirestore */; };
		053779952DC35BB60096D6E6 /* FirebaseFirestoreCombine-Community in Frameworks */ = {isa = PBXBuildFile; productRef = 053779942DC35BB60096D6E6 /* FirebaseFirestoreCombine-Community */; };
		053779972DC35BB60096D6E6 /* FirebaseFunctions in Frameworks */ = {isa = PBXBuildFile; productRef = 053779962DC35BB60096D6E6 /* FirebaseFunctions */; };
		053779992DC35BB60096D6E6 /* FirebaseFunctionsCombine-Community in Frameworks */ = {isa = PBXBuildFile; productRef = 053779982DC35BB60096D6E6 /* FirebaseFunctionsCombine-Community */; };
		0537799B2DC35BB60096D6E6 /* FirebaseInAppMessaging-Beta in Frameworks */ = {isa = PBXBuildFile; productRef = 0537799A2DC35BB60096D6E6 /* FirebaseInAppMessaging-Beta */; };
		0537799D2DC35BB60096D6E6 /* FirebaseInstallations in Frameworks */ = {isa = PBXBuildFile; productRef = 0537799C2DC35BB60096D6E6 /* FirebaseInstallations */; };
		0537799F2DC35BB60096D6E6 /* FirebaseMLModelDownloader in Frameworks */ = {isa = PBXBuildFile; productRef = 0537799E2DC35BB60096D6E6 /* FirebaseMLModelDownloader */; };
		053779A12DC35BB60096D6E6 /* FirebaseMessaging in Frameworks */ = {isa = PBXBuildFile; productRef = 053779A02DC35BB60096D6E6 /* FirebaseMessaging */; };
		053779A32DC35BB60096D6E6 /* FirebasePerformance in Frameworks */ = {isa = PBXBuildFile; productRef = 053779A22DC35BB60096D6E6 /* FirebasePerformance */; };
		053779A52DC35BB60096D6E6 /* FirebaseRemoteConfig in Frameworks */ = {isa = PBXBuildFile; productRef = 053779A42DC35BB60096D6E6 /* FirebaseRemoteConfig */; };
		053779A72DC35BB60096D6E6 /* FirebaseStorage in Frameworks */ = {isa = PBXBuildFile; productRef = 053779A62DC35BB60096D6E6 /* FirebaseStorage */; };
		053779A92DC35BB60096D6E6 /* FirebaseStorageCombine-Community in Frameworks */ = {isa = PBXBuildFile; productRef = 053779A82DC35BB60096D6E6 /* FirebaseStorageCombine-Community */; };
		053779AB2DC35BB60096D6E6 /* FirebaseVertexAI in Frameworks */ = {isa = PBXBuildFile; productRef = 053779AA2DC35BB60096D6E6 /* FirebaseVertexAI */; };
/* End PBXBuildFile section */

/* Begin PBXContainerItemProxy section */
		053CDA542DA2B85E0057DA70 /* PBXContainerItemProxy */ = {
			isa = PBXContainerItemProxy;
			containerPortal = 053CDA362DA2B85B0057DA70 /* Project object */;
			proxyType = 1;
			remoteGlobalIDString = 053CDA3D2DA2B85B0057DA70;
			remoteInfo = BuzzPress;
		};
		053CDA5E2DA2B85E0057DA70 /* PBXContainerItemProxy */ = {
			isa = PBXContainerItemProxy;
			containerPortal = 053CDA362DA2B85B0057DA70 /* Project object */;
			proxyType = 1;
			remoteGlobalIDString = 053CDA3D2DA2B85B0057DA70;
			remoteInfo = BuzzPress;
		};
/* End PBXContainerItemProxy section */

/* Begin PBXFileReference section */
		053CDA3E2DA2B85B0057DA70 /* BuzzPress.app */ = {isa = PBXFileReference; explicitFileType = wrapper.application; includeInIndex = 0; path = BuzzPress.app; sourceTree = BUILT_PRODUCTS_DIR; };
		053CDA532DA2B85E0057DA70 /* BuzzPressTests.xctest */ = {isa = PBXFileReference; explicitFileType = wrapper.cfbundle; includeInIndex = 0; path = BuzzPressTests.xctest; sourceTree = BUILT_PRODUCTS_DIR; };
		053CDA5D2DA2B85E0057DA70 /* BuzzPressUITests.xctest */ = {isa = PBXFileReference; explicitFileType = wrapper.cfbundle; includeInIndex = 0; path = BuzzPressUITests.xctest; sourceTree = BUILT_PRODUCTS_DIR; };
/* End PBXFileReference section */

/* Begin PBXFileSystemSynchronizedBuildFileExceptionSet section */
		055DD2ED2DBE9E3800683CFA /* Exceptions for "BuzzPress" folder in "BuzzPressTests" target */ = {
			isa = PBXFileSystemSynchronizedBuildFileExceptionSet;
			membershipExceptions = (
				"GoogleService-Info.plist",
				"Utility/Fonts/Poppins-Bold.ttf",
				"Utility/Fonts/Poppins-Regular.ttf",
				"Utility/Fonts/Poppins-SemiBold.ttf",
			);
			target = 053CDA522DA2B85E0057DA70 /* BuzzPressTests */;
		};
		055DD2EE2DBE9E3800683CFA /* Exceptions for "BuzzPress" folder in "BuzzPressUITests" target */ = {
			isa = PBXFileSystemSynchronizedBuildFileExceptionSet;
			membershipExceptions = (
				"GoogleService-Info.plist",
				"Utility/Fonts/Poppins-Bold.ttf",
				"Utility/Fonts/Poppins-Regular.ttf",
				"Utility/Fonts/Poppins-SemiBold.ttf",
			);
			target = 053CDA5C2DA2B85E0057DA70 /* BuzzPressUITests */;
		};
		055DD2F42DBE9F0000683CFA /* Exceptions for "BuzzPress" folder in "BuzzPress" target */ = {
			isa = PBXFileSystemSynchronizedBuildFileExceptionSet;
			membershipExceptions = (
				Info.plist,
			);
			target = 053CDA3D2DA2B85B0057DA70 /* BuzzPress */;
		};
/* End PBXFileSystemSynchronizedBuildFileExceptionSet section */

/* Begin PBXFileSystemSynchronizedRootGroup section */
		053CDA402DA2B85B0057DA70 /* BuzzPress */ = {
			isa = PBXFileSystemSynchronizedRootGroup;
			exceptions = (
				055DD2F42DBE9F0000683CFA /* Exceptions for "BuzzPress" folder in "BuzzPress" target */,
				055DD2ED2DBE9E3800683CFA /* Exceptions for "BuzzPress" folder in "BuzzPressTests" target */,
				055DD2EE2DBE9E3800683CFA /* Exceptions for "BuzzPress" folder in "BuzzPressUITests" target */,
			);
			path = BuzzPress;
			sourceTree = "<group>";
		};
		053CDA562DA2B85E0057DA70 /* BuzzPressTests */ = {
			isa = PBXFileSystemSynchronizedRootGroup;
			path = BuzzPressTests;
			sourceTree = "<group>";
		};
		053CDA602DA2B85E0057DA70 /* BuzzPressUITests */ = {
			isa = PBXFileSystemSynchronizedRootGroup;
			path = BuzzPressUITests;
			sourceTree = "<group>";
		};
/* End PBXFileSystemSynchronizedRootGroup section */

/* Begin PBXFrameworksBuildPhase section */
		053CDA3B2DA2B85B0057DA70 /* Frameworks */ = {
			isa = PBXFrameworksBuildPhase;
			buildActionMask = 2147483647;
			files = (
				053779A92DC35BB60096D6E6 /* FirebaseStorageCombine-Community in Frameworks */,
				053779A12DC35BB60096D6E6 /* FirebaseMessaging in Frameworks */,
				0537799F2DC35BB60096D6E6 /* FirebaseMLModelDownloader in Frameworks */,
				053779912DC35BB60096D6E6 /* FirebaseDatabase in Frameworks */,
				053779852DC35BB60096D6E6 /* FirebaseAppCheck in Frameworks */,
				053779892DC35BB60096D6E6 /* FirebaseAuth in Frameworks */,
				0537797F2DC35BB60096D6E6 /* FirebaseAnalytics in Frameworks */,
				053779AB2DC35BB60096D6E6 /* FirebaseVertexAI in Frameworks */,
				053779872DC35BB60096D6E6 /* FirebaseAppDistribution-Beta in Frameworks */,
				053779832DC35BB60096D6E6 /* FirebaseAnalyticsWithoutAdIdSupport in Frameworks */,
				0537798B2DC35BB60096D6E6 /* FirebaseAuthCombine-Community in Frameworks */,
				053779992DC35BB60096D6E6 /* FirebaseFunctionsCombine-Community in Frameworks */,
				0537798F2DC35BB60096D6E6 /* FirebaseCrashlytics in Frameworks */,
				053779A72DC35BB60096D6E6 /* FirebaseStorage in Frameworks */,
				0537798D2DC35BB60096D6E6 /* FirebaseCore in Frameworks */,
				053779972DC35BB60096D6E6 /* FirebaseFunctions in Frameworks */,
				0537799D2DC35BB60096D6E6 /* FirebaseInstallations in Frameworks */,
				053779A32DC35BB60096D6E6 /* FirebasePerformance in Frameworks */,
				053779952DC35BB60096D6E6 /* FirebaseFirestoreCombine-Community in Frameworks */,
				053779932DC35BB60096D6E6 /* FirebaseFirestore in Frameworks */,
				053779812DC35BB60096D6E6 /* FirebaseAnalyticsOnDeviceConversion in Frameworks */,
				0537799B2DC35BB60096D6E6 /* FirebaseInAppMessaging-Beta in Frameworks */,
				053779A52DC35BB60096D6E6 /* FirebaseRemoteConfig in Frameworks */,
			);
			runOnlyForDeploymentPostprocessing = 0;
		};
		053CDA502DA2B85E0057DA70 /* Frameworks */ = {
			isa = PBXFrameworksBuildPhase;
			buildActionMask = 2147483647;
			files = (
			);
			runOnlyForDeploymentPostprocessing = 0;
		};
		053CDA5A2DA2B85E0057DA70 /* Frameworks */ = {
			isa = PBXFrameworksBuildPhase;
			buildActionMask = 2147483647;
			files = (
			);
			runOnlyForDeploymentPostprocessing = 0;
		};
/* End PBXFrameworksBuildPhase section */

/* Begin PBXGroup section */
		053CDA352DA2B85B0057DA70 = {
			isa = PBXGroup;
			children = (
				053CDA402DA2B85B0057DA70 /* BuzzPress */,
				053CDA562DA2B85E0057DA70 /* BuzzPressTests */,
				053CDA602DA2B85E0057DA70 /* BuzzPressUITests */,
				053CDA3F2DA2B85B0057DA70 /* Products */,
			);
			sourceTree = "<group>";
		};
		053CDA3F2DA2B85B0057DA70 /* Products */ = {
			isa = PBXGroup;
			children = (
				053CDA3E2DA2B85B0057DA70 /* BuzzPress.app */,
				053CDA532DA2B85E0057DA70 /* BuzzPressTests.xctest */,
				053CDA5D2DA2B85E0057DA70 /* BuzzPressUITests.xctest */,
			);
			name = Products;
			sourceTree = "<group>";
		};
/* End PBXGroup section */

/* Begin PBXNativeTarget section */
		053CDA3D2DA2B85B0057DA70 /* BuzzPress */ = {
			isa = PBXNativeTarget;
			buildConfigurationList = 053CDA672DA2B85E0057DA70 /* Build configuration list for PBXNativeTarget "BuzzPress" */;
			buildPhases = (
				053CDA3A2DA2B85B0057DA70 /* Sources */,
				053CDA3B2DA2B85B0057DA70 /* Frameworks */,
				053CDA3C2DA2B85B0057DA70 /* Resources */,
			);
			buildRules = (
			);
			dependencies = (
			);
			fileSystemSynchronizedGroups = (
				053CDA402DA2B85B0057DA70 /* BuzzPress */,
			);
			name = BuzzPress;
			packageProductDependencies = (
				0537797E2DC35BB60096D6E6 /* FirebaseAnalytics */,
				053779802DC35BB60096D6E6 /* FirebaseAnalyticsOnDeviceConversion */,
				053779822DC35BB60096D6E6 /* FirebaseAnalyticsWithoutAdIdSupport */,
				053779842DC35BB60096D6E6 /* FirebaseAppCheck */,
				053779862DC35BB60096D6E6 /* FirebaseAppDistribution-Beta */,
				053779882DC35BB60096D6E6 /* FirebaseAuth */,
				0537798A2DC35BB60096D6E6 /* FirebaseAuthCombine-Community */,
				0537798C2DC35BB60096D6E6 /* FirebaseCore */,
				0537798E2DC35BB60096D6E6 /* FirebaseCrashlytics */,
				053779902DC35BB60096D6E6 /* FirebaseDatabase */,
				053779922DC35BB60096D6E6 /* FirebaseFirestore */,
				053779942DC35BB60096D6E6 /* FirebaseFirestoreCombine-Community */,
				053779962DC35BB60096D6E6 /* FirebaseFunctions */,
				053779982DC35BB60096D6E6 /* FirebaseFunctionsCombine-Community */,
				0537799A2DC35BB60096D6E6 /* FirebaseInAppMessaging-Beta */,
				0537799C2DC35BB60096D6E6 /* FirebaseInstallations */,
				0537799E2DC35BB60096D6E6 /* FirebaseMLModelDownloader */,
				053779A02DC35BB60096D6E6 /* FirebaseMessaging */,
				053779A22DC35BB60096D6E6 /* FirebasePerformance */,
				053779A42DC35BB60096D6E6 /* FirebaseRemoteConfig */,
				053779A62DC35BB60096D6E6 /* FirebaseStorage */,
				053779A82DC35BB60096D6E6 /* FirebaseStorageCombine-Community */,
				053779AA2DC35BB60096D6E6 /* FirebaseVertexAI */,
			);
			productName = BuzzPress;
			productReference = 053CDA3E2DA2B85B0057DA70 /* BuzzPress.app */;
			productType = "com.apple.product-type.application";
		};
		053CDA522DA2B85E0057DA70 /* BuzzPressTests */ = {
			isa = PBXNativeTarget;
			buildConfigurationList = 053CDA6A2DA2B85E0057DA70 /* Build configuration list for PBXNativeTarget "BuzzPressTests" */;
			buildPhases = (
				053CDA4F2DA2B85E0057DA70 /* Sources */,
				053CDA502DA2B85E0057DA70 /* Frameworks */,
				053CDA512DA2B85E0057DA70 /* Resources */,
			);
			buildRules = (
			);
			dependencies = (
				053CDA552DA2B85E0057DA70 /* PBXTargetDependency */,
			);
			fileSystemSynchronizedGroups = (
				053CDA562DA2B85E0057DA70 /* BuzzPressTests */,
			);
			name = BuzzPressTests;
			packageProductDependencies = (
			);
			productName = BuzzPressTests;
			productReference = 053CDA532DA2B85E0057DA70 /* BuzzPressTests.xctest */;
			productType = "com.apple.product-type.bundle.unit-test";
		};
		053CDA5C2DA2B85E0057DA70 /* BuzzPressUITests */ = {
			isa = PBXNativeTarget;
			buildConfigurationList = 053CDA6D2DA2B85E0057DA70 /* Build configuration list for PBXNativeTarget "BuzzPressUITests" */;
			buildPhases = (
				053CDA592DA2B85E0057DA70 /* Sources */,
				053CDA5A2DA2B85E0057DA70 /* Frameworks */,
				053CDA5B2DA2B85E0057DA70 /* Resources */,
			);
			buildRules = (
			);
			dependencies = (
				053CDA5F2DA2B85E0057DA70 /* PBXTargetDependency */,
			);
			fileSystemSynchronizedGroups = (
				053CDA602DA2B85E0057DA70 /* BuzzPressUITests */,
			);
			name = BuzzPressUITests;
			packageProductDependencies = (
			);
			productName = BuzzPressUITests;
			productReference = 053CDA5D2DA2B85E0057DA70 /* BuzzPressUITests.xctest */;
			productType = "com.apple.product-type.bundle.ui-testing";
		};
/* End PBXNativeTarget section */

/* Begin PBXProject section */
		053CDA362DA2B85B0057DA70 /* Project object */ = {
			isa = PBXProject;
			attributes = {
				BuildIndependentTargetsInParallel = 1;
				LastSwiftUpdateCheck = 1620;
				LastUpgradeCheck = 1620;
				TargetAttributes = {
					053CDA3D2DA2B85B0057DA70 = {
						CreatedOnToolsVersion = 16.2;
					};
					053CDA522DA2B85E0057DA70 = {
						CreatedOnToolsVersion = 16.2;
						TestTargetID = 053CDA3D2DA2B85B0057DA70;
					};
					053CDA5C2DA2B85E0057DA70 = {
						CreatedOnToolsVersion = 16.2;
						TestTargetID = 053CDA3D2DA2B85B0057DA70;
					};
				};
			};
			buildConfigurationList = 053CDA392DA2B85B0057DA70 /* Build configuration list for PBXProject "BuzzPress" */;
			developmentRegion = en;
			hasScannedForEncodings = 0;
			knownRegions = (
				en,
				Base,
			);
			mainGroup = 053CDA352DA2B85B0057DA70;
			minimizedProjectReferenceProxies = 1;
			packageReferences = (
				0537797D2DC35BB60096D6E6 /* XCRemoteSwiftPackageReference "firebase-ios-sdk" */,
			);
			preferredProjectObjectVersion = 77;
			productRefGroup = 053CDA3F2DA2B85B0057DA70 /* Products */;
			projectDirPath = "";
			projectRoot = "";
			targets = (
				053CDA3D2DA2B85B0057DA70 /* BuzzPress */,
				053CDA522DA2B85E0057DA70 /* BuzzPressTests */,
				053CDA5C2DA2B85E0057DA70 /* BuzzPressUITests */,
			);
		};
/* End PBXProject section */

/* Begin PBXResourcesBuildPhase section */
		053CDA3C2DA2B85B0057DA70 /* Resources */ = {
			isa = PBXResourcesBuildPhase;
			buildActionMask = 2147483647;
			files = (
			);
			runOnlyForDeploymentPostprocessing = 0;
		};
		053CDA512DA2B85E0057DA70 /* Resources */ = {
			isa = PBXResourcesBuildPhase;
			buildActionMask = 2147483647;
			files = (
			);
			runOnlyForDeploymentPostprocessing = 0;
		};
		053CDA5B2DA2B85E0057DA70 /* Resources */ = {
			isa = PBXResourcesBuildPhase;
			buildActionMask = 2147483647;
			files = (
			);
			runOnlyForDeploymentPostprocessing = 0;
		};
/* End PBXResourcesBuildPhase section */

/* Begin PBXSourcesBuildPhase section */
		053CDA3A2DA2B85B0057DA70 /* Sources */ = {
			isa = PBXSourcesBuildPhase;
			buildActionMask = 2147483647;
			files = (
			);
			runOnlyForDeploymentPostprocessing = 0;
		};
		053CDA4F2DA2B85E0057DA70 /* Sources */ = {
			isa = PBXSourcesBuildPhase;
			buildActionMask = 2147483647;
			files = (
			);
			runOnlyForDeploymentPostprocessing = 0;
		};
		053CDA592DA2B85E0057DA70 /* Sources */ = {
			isa = PBXSourcesBuildPhase;
			buildActionMask = 2147483647;
			files = (
			);
			runOnlyForDeploymentPostprocessing = 0;
		};
/* End PBXSourcesBuildPhase section */

/* Begin PBXTargetDependency section */
		053CDA552DA2B85E0057DA70 /* PBXTargetDependency */ = {
			isa = PBXTargetDependency;
			target = 053CDA3D2DA2B85B0057DA70 /* BuzzPress */;
			targetProxy = 053CDA542DA2B85E0057DA70 /* PBXContainerItemProxy */;
		};
		053CDA5F2DA2B85E0057DA70 /* PBXTargetDependency */ = {
			isa = PBXTargetDependency;
			target = 053CDA3D2DA2B85B0057DA70 /* BuzzPress */;
			targetProxy = 053CDA5E2DA2B85E0057DA70 /* PBXContainerItemProxy */;
		};
/* End PBXTargetDependency section */

/* Begin XCBuildConfiguration section */
		053CDA652DA2B85E0057DA70 /* Debug */ = {
			isa = XCBuildConfiguration;
			buildSettings = {
				ALWAYS_SEARCH_USER_PATHS = NO;
				ASSETCATALOG_COMPILER_GENERATE_SWIFT_ASSET_SYMBOL_EXTENSIONS = YES;
				CLANG_ANALYZER_NONNULL = YES;
				CLANG_ANALYZER_NUMBER_OBJECT_CONVERSION = YES_AGGRESSIVE;
				CLANG_CXX_LANGUAGE_STANDARD = "gnu++20";
				CLANG_ENABLE_MODULES = YES;
				CLANG_ENABLE_OBJC_ARC = YES;
				CLANG_ENABLE_OBJC_WEAK = YES;
				CLANG_WARN_BLOCK_CAPTURE_AUTORELEASING = YES;
				CLANG_WARN_BOOL_CONVERSION = YES;
				CLANG_WARN_COMMA = YES;
				CLANG_WARN_CONSTANT_CONVERSION = YES;
				CLANG_WARN_DEPRECATED_OBJC_IMPLEMENTATIONS = YES;
				CLANG_WARN_DIRECT_OBJC_ISA_USAGE = YES_ERROR;
				CLANG_WARN_DOCUMENTATION_COMMENTS = YES;
				CLANG_WARN_EMPTY_BODY = YES;
				CLANG_WARN_ENUM_CONVERSION = YES;
				CLANG_WARN_INFINITE_RECURSION = YES;
				CLANG_WARN_INT_CONVERSION = YES;
				CLANG_WARN_NON_LITERAL_NULL_CONVERSION = YES;
				CLANG_WARN_OBJC_IMPLICIT_RETAIN_SELF = YES;
				CLANG_WARN_OBJC_LITERAL_CONVERSION = YES;
				CLANG_WARN_OBJC_ROOT_CLASS = YES_ERROR;
				CLANG_WARN_QUOTED_INCLUDE_IN_FRAMEWORK_HEADER = YES;
				CLANG_WARN_RANGE_LOOP_ANALYSIS = YES;
				CLANG_WARN_STRICT_PROTOTYPES = YES;
				CLANG_WARN_SUSPICIOUS_MOVE = YES;
				CLANG_WARN_UNGUARDED_AVAILABILITY = YES_AGGRESSIVE;
				CLANG_WARN_UNREACHABLE_CODE = YES;
				CLANG_WARN__DUPLICATE_METHOD_MATCH = YES;
				COPY_PHASE_STRIP = NO;
				DEBUG_INFORMATION_FORMAT = dwarf;
				ENABLE_STRICT_OBJC_MSGSEND = YES;
				ENABLE_TESTABILITY = YES;
				ENABLE_USER_SCRIPT_SANDBOXING = YES;
				GCC_C_LANGUAGE_STANDARD = gnu17;
				GCC_DYNAMIC_NO_PIC = NO;
				GCC_NO_COMMON_BLOCKS = YES;
				GCC_OPTIMIZATION_LEVEL = 0;
				GCC_PREPROCESSOR_DEFINITIONS = (
					"DEBUG=1",
					"$(inherited)",
				);
				GCC_WARN_64_TO_32_BIT_CONVERSION = YES;
				GCC_WARN_ABOUT_RETURN_TYPE = YES_ERROR;
				GCC_WARN_UNDECLARED_SELECTOR = YES;
				GCC_WARN_UNINITIALIZED_AUTOS = YES_AGGRESSIVE;
				GCC_WARN_UNUSED_FUNCTION = YES;
				GCC_WARN_UNUSED_VARIABLE = YES;
				IPHONEOS_DEPLOYMENT_TARGET = 18.2;
				LOCALIZATION_PREFERS_STRING_CATALOGS = YES;
				MTL_ENABLE_DEBUG_INFO = INCLUDE_SOURCE;
				MTL_FAST_MATH = YES;
				ONLY_ACTIVE_ARCH = YES;
				SDKROOT = iphoneos;
				SWIFT_ACTIVE_COMPILATION_CONDITIONS = "DEBUG $(inherited)";
				SWIFT_OPTIMIZATION_LEVEL = "-Onone";
			};
			name = Debug;
		};
		053CDA662DA2B85E0057DA70 /* Release */ = {
			isa = XCBuildConfiguration;
			buildSettings = {
				ALWAYS_SEARCH_USER_PATHS = NO;
				ASSETCATALOG_COMPILER_GENERATE_SWIFT_ASSET_SYMBOL_EXTENSIONS = YES;
				CLANG_ANALYZER_NONNULL = YES;
				CLANG_ANALYZER_NUMBER_OBJECT_CONVERSION = YES_AGGRESSIVE;
				CLANG_CXX_LANGUAGE_STANDARD = "gnu++20";
				CLANG_ENABLE_MODULES = YES;
				CLANG_ENABLE_OBJC_ARC = YES;
				CLANG_ENABLE_OBJC_WEAK = YES;
				CLANG_WARN_BLOCK_CAPTURE_AUTORELEASING = YES;
				CLANG_WARN_BOOL_CONVERSION = YES;
				CLANG_WARN_COMMA = YES;
				CLANG_WARN_CONSTANT_CONVERSION = YES;
				CLANG_WARN_DEPRECATED_OBJC_IMPLEMENTATIONS = YES;
				CLANG_WARN_DIRECT_OBJC_ISA_USAGE = YES_ERROR;
				CLANG_WARN_DOCUMENTATION_COMMENTS = YES;
				CLANG_WARN_EMPTY_BODY = YES;
				CLANG_WARN_ENUM_CONVERSION = YES;
				CLANG_WARN_INFINITE_RECURSION = YES;
				CLANG_WARN_INT_CONVERSION = YES;
				CLANG_WARN_NON_LITERAL_NULL_CONVERSION = YES;
				CLANG_WARN_OBJC_IMPLICIT_RETAIN_SELF = YES;
				CLANG_WARN_OBJC_LITERAL_CONVERSION = YES;
				CLANG_WARN_OBJC_ROOT_CLASS = YES_ERROR;
				CLANG_WARN_QUOTED_INCLUDE_IN_FRAMEWORK_HEADER = YES;
				CLANG_WARN_RANGE_LOOP_ANALYSIS = YES;
				CLANG_WARN_STRICT_PROTOTYPES = YES;
				CLANG_WARN_SUSPICIOUS_MOVE = YES;
				CLANG_WARN_UNGUARDED_AVAILABILITY = YES_AGGRESSIVE;
				CLANG_WARN_UNREACHABLE_CODE = YES;
				CLANG_WARN__DUPLICATE_METHOD_MATCH = YES;
				COPY_PHASE_STRIP = NO;
				DEBUG_INFORMATION_FORMAT = "dwarf-with-dsym";
				ENABLE_NS_ASSERTIONS = NO;
				ENABLE_STRICT_OBJC_MSGSEND = YES;
				ENABLE_USER_SCRIPT_SANDBOXING = YES;
				GCC_C_LANGUAGE_STANDARD = gnu17;
				GCC_NO_COMMON_BLOCKS = YES;
				GCC_WARN_64_TO_32_BIT_CONVERSION = YES;
				GCC_WARN_ABOUT_RETURN_TYPE = YES_ERROR;
				GCC_WARN_UNDECLARED_SELECTOR = YES;
				GCC_WARN_UNINITIALIZED_AUTOS = YES_AGGRESSIVE;
				GCC_WARN_UNUSED_FUNCTION = YES;
				GCC_WARN_UNUSED_VARIABLE = YES;
				IPHONEOS_DEPLOYMENT_TARGET = 18.2;
				LOCALIZATION_PREFERS_STRING_CATALOGS = YES;
				MTL_ENABLE_DEBUG_INFO = NO;
				MTL_FAST_MATH = YES;
				SDKROOT = iphoneos;
				SWIFT_COMPILATION_MODE = wholemodule;
				VALIDATE_PRODUCT = YES;
			};
			name = Release;
		};
		053CDA682DA2B85E0057DA70 /* Debug */ = {
			isa = XCBuildConfiguration;
			buildSettings = {
				ASSETCATALOG_COMPILER_APPICON_NAME = AppIcon;
				ASSETCATALOG_COMPILER_GLOBAL_ACCENT_COLOR_NAME = AccentColor;
				CODE_SIGN_STYLE = Automatic;
				CURRENT_PROJECT_VERSION = 1;
				DEVELOPMENT_ASSET_PATHS = "\"BuzzPress/Preview Content\"";
				DEVELOPMENT_TEAM = MUS9Q23L4C;
				ENABLE_PREVIEWS = YES;
				GENERATE_INFOPLIST_FILE = YES;
				INFOPLIST_FILE = BuzzPress/Info.plist;
				INFOPLIST_KEY_UIApplicationSceneManifest_Generation = YES;
				INFOPLIST_KEY_UIApplicationSupportsIndirectInputEvents = YES;
				INFOPLIST_KEY_UILaunchScreen_Generation = YES;
				INFOPLIST_KEY_UILaunchStoryboardName = "Launch-Screen.storyboard";
				INFOPLIST_KEY_UISupportedInterfaceOrientations_iPad = "UIInterfaceOrientationPortrait UIInterfaceOrientationPortraitUpsideDown UIInterfaceOrientationLandscapeLeft UIInterfaceOrientationLandscapeRight";
				INFOPLIST_KEY_UISupportedInterfaceOrientations_iPhone = "UIInterfaceOrientationPortrait UIInterfaceOrientationLandscapeLeft UIInterfaceOrientationLandscapeRight";
				LD_RUNPATH_SEARCH_PATHS = (
					"$(inherited)",
					"@executable_path/Frameworks",
				);
				MARKETING_VERSION = 1.0;
				PRODUCT_BUNDLE_IDENTIFIER = com.BuzzPress.BuzzPress;
				PRODUCT_NAME = "$(TARGET_NAME)";
				SWIFT_EMIT_LOC_STRINGS = YES;
				SWIFT_VERSION = 5.0;
				TARGETED_DEVICE_FAMILY = "1,2";
			};
			name = Debug;
		};
		053CDA692DA2B85E0057DA70 /* Release */ = {
			isa = XCBuildConfiguration;
			buildSettings = {
				ASSETCATALOG_COMPILER_APPICON_NAME = AppIcon;
				ASSETCATALOG_COMPILER_GLOBAL_ACCENT_COLOR_NAME = AccentColor;
				CODE_SIGN_STYLE = Automatic;
				CURRENT_PROJECT_VERSION = 1;
				DEVELOPMENT_ASSET_PATHS = "\"BuzzPress/Preview Content\"";
				DEVELOPMENT_TEAM = MUS9Q23L4C;
				ENABLE_PREVIEWS = YES;
				GENERATE_INFOPLIST_FILE = YES;
				INFOPLIST_FILE = BuzzPress/Info.plist;
				INFOPLIST_KEY_UIApplicationSceneManifest_Generation = YES;
				INFOPLIST_KEY_UIApplicationSupportsIndirectInputEvents = YES;
				INFOPLIST_KEY_UILaunchScreen_Generation = YES;
				INFOPLIST_KEY_UILaunchStoryboardName = "Launch-Screen.storyboard";
				INFOPLIST_KEY_UISupportedInterfaceOrientations_iPad = "UIInterfaceOrientationPortrait UIInterfaceOrientationPortraitUpsideDown UIInterfaceOrientationLandscapeLeft UIInterfaceOrientationLandscapeRight";
				INFOPLIST_KEY_UISupportedInterfaceOrientations_iPhone = "UIInterfaceOrientationPortrait UIInterfaceOrientationLandscapeLeft UIInterfaceOrientationLandscapeRight";
				LD_RUNPATH_SEARCH_PATHS = (
					"$(inherited)",
					"@executable_path/Frameworks",
				);
				MARKETING_VERSION = 1.0;
				PRODUCT_BUNDLE_IDENTIFIER = com.BuzzPress.BuzzPress;
				PRODUCT_NAME = "$(TARGET_NAME)";
				SWIFT_EMIT_LOC_STRINGS = YES;
				SWIFT_VERSION = 5.0;
				TARGETED_DEVICE_FAMILY = "1,2";
			};
			name = Release;
		};
		053CDA6B2DA2B85E0057DA70 /* Debug */ = {
			isa = XCBuildConfiguration;
			buildSettings = {
				BUNDLE_LOADER = "$(TEST_HOST)";
				CODE_SIGN_STYLE = Automatic;
				CURRENT_PROJECT_VERSION = 1;
				DEVELOPMENT_TEAM = MUS9Q23L4C;
				GENERATE_INFOPLIST_FILE = YES;
				IPHONEOS_DEPLOYMENT_TARGET = 18.2;
				MARKETING_VERSION = 1.0;
				PRODUCT_BUNDLE_IDENTIFIER = com.BuzzPress.BuzzPressTests;
				PRODUCT_NAME = "$(TARGET_NAME)";
				SWIFT_EMIT_LOC_STRINGS = NO;
				SWIFT_VERSION = 5.0;
				TARGETED_DEVICE_FAMILY = "1,2";
				TEST_HOST = "$(BUILT_PRODUCTS_DIR)/BuzzPress.app/$(BUNDLE_EXECUTABLE_FOLDER_PATH)/BuzzPress";
			};
			name = Debug;
		};
		053CDA6C2DA2B85E0057DA70 /* Release */ = {
			isa = XCBuildConfiguration;
			buildSettings = {
				BUNDLE_LOADER = "$(TEST_HOST)";
				CODE_SIGN_STYLE = Automatic;
				CURRENT_PROJECT_VERSION = 1;
				DEVELOPMENT_TEAM = MUS9Q23L4C;
				GENERATE_INFOPLIST_FILE = YES;
				IPHONEOS_DEPLOYMENT_TARGET = 18.2;
				MARKETING_VERSION = 1.0;
				PRODUCT_BUNDLE_IDENTIFIER = com.BuzzPress.BuzzPressTests;
				PRODUCT_NAME = "$(TARGET_NAME)";
				SWIFT_EMIT_LOC_STRINGS = NO;
				SWIFT_VERSION = 5.0;
				TARGETED_DEVICE_FAMILY = "1,2";
				TEST_HOST = "$(BUILT_PRODUCTS_DIR)/BuzzPress.app/$(BUNDLE_EXECUTABLE_FOLDER_PATH)/BuzzPress";
			};
			name = Release;
		};
		053CDA6E2DA2B85E0057DA70 /* Debug */ = {
			isa = XCBuildConfiguration;
			buildSettings = {
				CODE_SIGN_STYLE = Automatic;
				CURRENT_PROJECT_VERSION = 1;
				DEVELOPMENT_TEAM = MUS9Q23L4C;
				GENERATE_INFOPLIST_FILE = YES;
				MARKETING_VERSION = 1.0;
				PRODUCT_BUNDLE_IDENTIFIER = com.BuzzPress.BuzzPressUITests;
				PRODUCT_NAME = "$(TARGET_NAME)";
				SWIFT_EMIT_LOC_STRINGS = NO;
				SWIFT_VERSION = 5.0;
				TARGETED_DEVICE_FAMILY = "1,2";
				TEST_TARGET_NAME = BuzzPress;
			};
			name = Debug;
		};
		053CDA6F2DA2B85E0057DA70 /* Release */ = {
			isa = XCBuildConfiguration;
			buildSettings = {
				CODE_SIGN_STYLE = Automatic;
				CURRENT_PROJECT_VERSION = 1;
				DEVELOPMENT_TEAM = MUS9Q23L4C;
				GENERATE_INFOPLIST_FILE = YES;
				MARKETING_VERSION = 1.0;
				PRODUCT_BUNDLE_IDENTIFIER = com.BuzzPress.BuzzPressUITests;
				PRODUCT_NAME = "$(TARGET_NAME)";
				SWIFT_EMIT_LOC_STRINGS = NO;
				SWIFT_VERSION = 5.0;
				TARGETED_DEVICE_FAMILY = "1,2";
				TEST_TARGET_NAME = BuzzPress;
			};
			name = Release;
		};
/* End XCBuildConfiguration section */

/* Begin XCConfigurationList section */
		053CDA392DA2B85B0057DA70 /* Build configuration list for PBXProject "BuzzPress" */ = {
			isa = XCConfigurationList;
			buildConfigurations = (
				053CDA652DA2B85E0057DA70 /* Debug */,
				053CDA662DA2B85E0057DA70 /* Release */,
			);
			defaultConfigurationIsVisible = 0;
			defaultConfigurationName = Release;
		};
		053CDA672DA2B85E0057DA70 /* Build configuration list for PBXNativeTarget "BuzzPress" */ = {
			isa = XCConfigurationList;
			buildConfigurations = (
				053CDA682DA2B85E0057DA70 /* Debug */,
				053CDA692DA2B85E0057DA70 /* Release */,
			);
			defaultConfigurationIsVisible = 0;
			defaultConfigurationName = Release;
		};
		053CDA6A2DA2B85E0057DA70 /* Build configuration list for PBXNativeTarget "BuzzPressTests" */ = {
			isa = XCConfigurationList;
			buildConfigurations = (
				053CDA6B2DA2B85E0057DA70 /* Debug */,
				053CDA6C2DA2B85E0057DA70 /* Release */,
			);
			defaultConfigurationIsVisible = 0;
			defaultConfigurationName = Release;
		};
		053CDA6D2DA2B85E0057DA70 /* Build configuration list for PBXNativeTarget "BuzzPressUITests" */ = {
			isa = XCConfigurationList;
			buildConfigurations = (
				053CDA6E2DA2B85E0057DA70 /* Debug */,
				053CDA6F2DA2B85E0057DA70 /* Release */,
			);
			defaultConfigurationIsVisible = 0;
			defaultConfigurationName = Release;
		};
/* End XCConfigurationList section */

/* Begin XCRemoteSwiftPackageReference section */
		0537797D2DC35BB60096D6E6 /* XCRemoteSwiftPackageReference "firebase-ios-sdk" */ = {
			isa = XCRemoteSwiftPackageReference;
			repositoryURL = "https://github.com/firebase/firebase-ios-sdk";
			requirement = {
				kind = upToNextMajorVersion;
				minimumVersion = 11.12.0;
			};
		};
/* End XCRemoteSwiftPackageReference section */

/* Begin XCSwiftPackageProductDependency section */
		0537797E2DC35BB60096D6E6 /* FirebaseAnalytics */ = {
			isa = XCSwiftPackageProductDependency;
			package = 0537797D2DC35BB60096D6E6 /* XCRemoteSwiftPackageReference "firebase-ios-sdk" */;
			productName = FirebaseAnalytics;
		};
		053779802DC35BB60096D6E6 /* FirebaseAnalyticsOnDeviceConversion */ = {
			isa = XCSwiftPackageProductDependency;
			package = 0537797D2DC35BB60096D6E6 /* XCRemoteSwiftPackageReference "firebase-ios-sdk" */;
			productName = FirebaseAnalyticsOnDeviceConversion;
		};
		053779822DC35BB60096D6E6 /* FirebaseAnalyticsWithoutAdIdSupport */ = {
			isa = XCSwiftPackageProductDependency;
			package = 0537797D2DC35BB60096D6E6 /* XCRemoteSwiftPackageReference "firebase-ios-sdk" */;
			productName = FirebaseAnalyticsWithoutAdIdSupport;
		};
		053779842DC35BB60096D6E6 /* FirebaseAppCheck */ = {
			isa = XCSwiftPackageProductDependency;
			package = 0537797D2DC35BB60096D6E6 /* XCRemoteSwiftPackageReference "firebase-ios-sdk" */;
			productName = FirebaseAppCheck;
		};
		053779862DC35BB60096D6E6 /* FirebaseAppDistribution-Beta */ = {
			isa = XCSwiftPackageProductDependency;
			package = 0537797D2DC35BB60096D6E6 /* XCRemoteSwiftPackageReference "firebase-ios-sdk" */;
			productName = "FirebaseAppDistribution-Beta";
		};
		053779882DC35BB60096D6E6 /* FirebaseAuth */ = {
			isa = XCSwiftPackageProductDependency;
			package = 0537797D2DC35BB60096D6E6 /* XCRemoteSwiftPackageReference "firebase-ios-sdk" */;
			productName = FirebaseAuth;
		};
		0537798A2DC35BB60096D6E6 /* FirebaseAuthCombine-Community */ = {
			isa = XCSwiftPackageProductDependency;
			package = 0537797D2DC35BB60096D6E6 /* XCRemoteSwiftPackageReference "firebase-ios-sdk" */;
			productName = "FirebaseAuthCombine-Community";
		};
		0537798C2DC35BB60096D6E6 /* FirebaseCore */ = {
			isa = XCSwiftPackageProductDependency;
			package = 0537797D2DC35BB60096D6E6 /* XCRemoteSwiftPackageReference "firebase-ios-sdk" */;
			productName = FirebaseCore;
		};
		0537798E2DC35BB60096D6E6 /* FirebaseCrashlytics */ = {
			isa = XCSwiftPackageProductDependency;
			package = 0537797D2DC35BB60096D6E6 /* XCRemoteSwiftPackageReference "firebase-ios-sdk" */;
			productName = FirebaseCrashlytics;
		};
		053779902DC35BB60096D6E6 /* FirebaseDatabase */ = {
			isa = XCSwiftPackageProductDependency;
			package = 0537797D2DC35BB60096D6E6 /* XCRemoteSwiftPackageReference "firebase-ios-sdk" */;
			productName = FirebaseDatabase;
		};
		053779922DC35BB60096D6E6 /* FirebaseFirestore */ = {
			isa = XCSwiftPackageProductDependency;
			package = 0537797D2DC35BB60096D6E6 /* XCRemoteSwiftPackageReference "firebase-ios-sdk" */;
			productName = FirebaseFirestore;
		};
		053779942DC35BB60096D6E6 /* FirebaseFirestoreCombine-Community */ = {
			isa = XCSwiftPackageProductDependency;
			package = 0537797D2DC35BB60096D6E6 /* XCRemoteSwiftPackageReference "firebase-ios-sdk" */;
			productName = "FirebaseFirestoreCombine-Community";
		};
		053779962DC35BB60096D6E6 /* FirebaseFunctions */ = {
			isa = XCSwiftPackageProductDependency;
			package = 0537797D2DC35BB60096D6E6 /* XCRemoteSwiftPackageReference "firebase-ios-sdk" */;
			productName = FirebaseFunctions;
		};
		053779982DC35BB60096D6E6 /* FirebaseFunctionsCombine-Community */ = {
			isa = XCSwiftPackageProductDependency;
			package = 0537797D2DC35BB60096D6E6 /* XCRemoteSwiftPackageReference "firebase-ios-sdk" */;
			productName = "FirebaseFunctionsCombine-Community";
		};
		0537799A2DC35BB60096D6E6 /* FirebaseInAppMessaging-Beta */ = {
			isa = XCSwiftPackageProductDependency;
			package = 0537797D2DC35BB60096D6E6 /* XCRemoteSwiftPackageReference "firebase-ios-sdk" */;
			productName = "FirebaseInAppMessaging-Beta";
		};
		0537799C2DC35BB60096D6E6 /* FirebaseInstallations */ = {
			isa = XCSwiftPackageProductDependency;
			package = 0537797D2DC35BB60096D6E6 /* XCRemoteSwiftPackageReference "firebase-ios-sdk" */;
			productName = FirebaseInstallations;
		};
		0537799E2DC35BB60096D6E6 /* FirebaseMLModelDownloader */ = {
			isa = XCSwiftPackageProductDependency;
			package = 0537797D2DC35BB60096D6E6 /* XCRemoteSwiftPackageReference "firebase-ios-sdk" */;
			productName = FirebaseMLModelDownloader;
		};
		053779A02DC35BB60096D6E6 /* FirebaseMessaging */ = {
			isa = XCSwiftPackageProductDependency;
			package = 0537797D2DC35BB60096D6E6 /* XCRemoteSwiftPackageReference "firebase-ios-sdk" */;
			productName = FirebaseMessaging;
		};
		053779A22DC35BB60096D6E6 /* FirebasePerformance */ = {
			isa = XCSwiftPackageProductDependency;
			package = 0537797D2DC35BB60096D6E6 /* XCRemoteSwiftPackageReference "firebase-ios-sdk" */;
			productName = FirebasePerformance;
		};
		053779A42DC35BB60096D6E6 /* FirebaseRemoteConfig */ = {
			isa = XCSwiftPackageProductDependency;
			package = 0537797D2DC35BB60096D6E6 /* XCRemoteSwiftPackageReference "firebase-ios-sdk" */;
			productName = FirebaseRemoteConfig;
		};
		053779A62DC35BB60096D6E6 /* FirebaseStorage */ = {
			isa = XCSwiftPackageProductDependency;
			package = 0537797D2DC35BB60096D6E6 /* XCRemoteSwiftPackageReference "firebase-ios-sdk" */;
			productName = FirebaseStorage;
		};
		053779A82DC35BB60096D6E6 /* FirebaseStorageCombine-Community */ = {
			isa = XCSwiftPackageProductDependency;
			package = 0537797D2DC35BB60096D6E6 /* XCRemoteSwiftPackageReference "firebase-ios-sdk" */;
			productName = "FirebaseStorageCombine-Community";
		};
		053779AA2DC35BB60096D6E6 /* FirebaseVertexAI */ = {
			isa = XCSwiftPackageProductDependency;
			package = 0537797D2DC35BB60096D6E6 /* XCRemoteSwiftPackageReference "firebase-ios-sdk" */;
			productName = FirebaseVertexAI;
		};
/* End XCSwiftPackageProductDependency section */
	};
	rootObject = 053CDA362DA2B85B0057DA70 /* Project object */;
}
